// !$*UTF8*$!
{
	archiveVersion = 1;
	classes = {
	};
	objectVersion = 50;
	objects = {

/* Begin PBXBuildFile section */
		14E3616D22BFAABE003F79D7 /* AppDelegate.swift in Sources */ = {isa = PBXBuildFile; fileRef = 14E3616C22BFAABE003F79D7 /* AppDelegate.swift */; };
		14E3616F22BFAABE003F79D7 /* TopViewController.swift in Sources */ = {isa = PBXBuildFile; fileRef = 14E3616E22BFAABE003F79D7 /* TopViewController.swift */; };
		14E3617222BFAABE003F79D7 /* TopViewController.storyboard in Resources */ = {isa = PBXBuildFile; fileRef = 14E3617022BFAABE003F79D7 /* TopViewController.storyboard */; };
		14E3617422BFAAC0003F79D7 /* Assets.xcassets in Resources */ = {isa = PBXBuildFile; fileRef = 14E3617322BFAAC0003F79D7 /* Assets.xcassets */; };
		14E3617722BFAAC0003F79D7 /* LaunchScreen.storyboard in Resources */ = {isa = PBXBuildFile; fileRef = 14E3617522BFAAC0003F79D7 /* LaunchScreen.storyboard */; };
		14E3617F22BFAB0B003F79D7 /* BottomSheetView.swift in Sources */ = {isa = PBXBuildFile; fileRef = 14E3617E22BFAB0B003F79D7 /* BottomSheetView.swift */; };
		14E3618122BFAFC6003F79D7 /* SearchViewController.swift in Sources */ = {isa = PBXBuildFile; fileRef = 14E3618022BFAFC6003F79D7 /* SearchViewController.swift */; };
		14E3618322BFAFD3003F79D7 /* SearchViewController.storyboard in Resources */ = {isa = PBXBuildFile; fileRef = 14E3618222BFAFD3003F79D7 /* SearchViewController.storyboard */; };
		14E3618722BFB089003F79D7 /* StoryboardInstantiatable.swift in Sources */ = {isa = PBXBuildFile; fileRef = 14E3618522BFB089003F79D7 /* StoryboardInstantiatable.swift */; };
		14E3618822BFB089003F79D7 /* Extensions.swift in Sources */ = {isa = PBXBuildFile; fileRef = 14E3618622BFB089003F79D7 /* Extensions.swift */; };
/* End PBXBuildFile section */

/* Begin PBXFileReference section */
		14E3616922BFAABE003F79D7 /* BottomSheetView.app */ = {isa = PBXFileReference; explicitFileType = wrapper.application; includeInIndex = 0; path = BottomSheetView.app; sourceTree = BUILT_PRODUCTS_DIR; };
		14E3616C22BFAABE003F79D7 /* AppDelegate.swift */ = {isa = PBXFileReference; lastKnownFileType = sourcecode.swift; path = AppDelegate.swift; sourceTree = "<group>"; };
		14E3616E22BFAABE003F79D7 /* TopViewController.swift */ = {isa = PBXFileReference; lastKnownFileType = sourcecode.swift; path = TopViewController.swift; sourceTree = "<group>"; };
		14E3617122BFAABE003F79D7 /* Base */ = {isa = PBXFileReference; lastKnownFileType = file.storyboard; name = Base; path = Base.lproj/TopViewController.storyboard; sourceTree = "<group>"; };
		14E3617322BFAAC0003F79D7 /* Assets.xcassets */ = {isa = PBXFileReference; lastKnownFileType = folder.assetcatalog; path = Assets.xcassets; sourceTree = "<group>"; };
		14E3617622BFAAC0003F79D7 /* Base */ = {isa = PBXFileReference; lastKnownFileType = file.storyboard; name = Base; path = Base.lproj/LaunchScreen.storyboard; sourceTree = "<group>"; };
		14E3617822BFAAC0003F79D7 /* Info.plist */ = {isa = PBXFileReference; lastKnownFileType = text.plist.xml; path = Info.plist; sourceTree = "<group>"; };
		14E3617E22BFAB0B003F79D7 /* BottomSheetView.swift */ = {isa = PBXFileReference; lastKnownFileType = sourcecode.swift; path = BottomSheetView.swift; sourceTree = "<group>"; };
		14E3618022BFAFC6003F79D7 /* SearchViewController.swift */ = {isa = PBXFileReference; lastKnownFileType = sourcecode.swift; path = SearchViewController.swift; sourceTree = "<group>"; };
		14E3618222BFAFD3003F79D7 /* SearchViewController.storyboard */ = {isa = PBXFileReference; lastKnownFileType = file.storyboard; path = SearchViewController.storyboard; sourceTree = "<group>"; };
		14E3618522BFB089003F79D7 /* StoryboardInstantiatable.swift */ = {isa = PBXFileReference; fileEncoding = 4; lastKnownFileType = sourcecode.swift; path = StoryboardInstantiatable.swift; sourceTree = "<group>"; };
		14E3618622BFB089003F79D7 /* Extensions.swift */ = {isa = PBXFileReference; fileEncoding = 4; lastKnownFileType = sourcecode.swift; path = Extensions.swift; sourceTree = "<group>"; };
/* End PBXFileReference section */

/* Begin PBXFrameworksBuildPhase section */
		14E3616622BFAABE003F79D7 /* Frameworks */ = {
			isa = PBXFrameworksBuildPhase;
			buildActionMask = 2147483647;
			files = (
			);
			runOnlyForDeploymentPostprocessing = 0;
		};
/* End PBXFrameworksBuildPhase section */

/* Begin PBXGroup section */
		14E3616022BFAABE003F79D7 = {
			isa = PBXGroup;
			children = (
				14E3616B22BFAABE003F79D7 /* BottomSheetView */,
				14E3616A22BFAABE003F79D7 /* Products */,
			);
			sourceTree = "<group>";
		};
		14E3616A22BFAABE003F79D7 /* Products */ = {
			isa = PBXGroup;
			children = (
				14E3616922BFAABE003F79D7 /* BottomSheetView.app */,
			);
			name = Products;
			sourceTree = "<group>";
		};
		14E3616B22BFAABE003F79D7 /* BottomSheetView */ = {
			isa = PBXGroup;
			children = (
				14E3616C22BFAABE003F79D7 /* AppDelegate.swift */,
				14E3616E22BFAABE003F79D7 /* TopViewController.swift */,
				14E3617022BFAABE003F79D7 /* TopViewController.storyboard */,
				14E3617322BFAAC0003F79D7 /* Assets.xcassets */,
				14E3617522BFAAC0003F79D7 /* LaunchScreen.storyboard */,
				14E3617822BFAAC0003F79D7 /* Info.plist */,
				14E3617E22BFAB0B003F79D7 /* BottomSheetView.swift */,
				14E3618022BFAFC6003F79D7 /* SearchViewController.swift */,
				14E3618222BFAFD3003F79D7 /* SearchViewController.storyboard */,
				14E3618422BFB089003F79D7 /* Shared */,
			);
			path = BottomSheetView;
			sourceTree = "<group>";
		};
		14E3618422BFB089003F79D7 /* Shared */ = {
			isa = PBXGroup;
			children = (
				14E3618522BFB089003F79D7 /* StoryboardInstantiatable.swift */,
				14E3618622BFB089003F79D7 /* Extensions.swift */,
			);
			path = Shared;
			sourceTree = "<group>";
		};
/* End PBXGroup section */

/* Begin PBXNativeTarget section */
		14E3616822BFAABE003F79D7 /* BottomSheetView */ = {
			isa = PBXNativeTarget;
			buildConfigurationList = 14E3617B22BFAAC0003F79D7 /* Build configuration list for PBXNativeTarget "BottomSheetView" */;
			buildPhases = (
				14E3616522BFAABE003F79D7 /* Sources */,
				14E3616622BFAABE003F79D7 /* Frameworks */,
				14E3616722BFAABE003F79D7 /* Resources */,
			);
			buildRules = (
			);
			dependencies = (
			);
			name = BottomSheetView;
			productName = BottomSheetView;
			productReference = 14E3616922BFAABE003F79D7 /* BottomSheetView.app */;
			productType = "com.apple.product-type.application";
		};
/* End PBXNativeTarget section */

/* Begin PBXProject section */
		14E3616122BFAABE003F79D7 /* Project object */ = {
			isa = PBXProject;
			attributes = {
				LastSwiftUpdateCheck = 1020;
				LastUpgradeCheck = 1020;
				ORGANIZATIONNAME = "Takeshi Akutsu";
				TargetAttributes = {
					14E3616822BFAABE003F79D7 = {
						CreatedOnToolsVersion = 10.2.1;
					};
				};
			};
			buildConfigurationList = 14E3616422BFAABE003F79D7 /* Build configuration list for PBXProject "BottomSheetView" */;
			compatibilityVersion = "Xcode 9.3";
			developmentRegion = en;
			hasScannedForEncodings = 0;
			knownRegions = (
				en,
				Base,
			);
			mainGroup = 14E3616022BFAABE003F79D7;
			productRefGroup = 14E3616A22BFAABE003F79D7 /* Products */;
			projectDirPath = "";
			projectRoot = "";
			targets = (
				14E3616822BFAABE003F79D7 /* BottomSheetView */,
			);
		};
/* End PBXProject section */

/* Begin PBXResourcesBuildPhase section */
		14E3616722BFAABE003F79D7 /* Resources */ = {
			isa = PBXResourcesBuildPhase;
			buildActionMask = 2147483647;
			files = (
				14E3617722BFAAC0003F79D7 /* LaunchScreen.storyboard in Resources */,
				14E3617422BFAAC0003F79D7 /* Assets.xcassets in Resources */,
				14E3617222BFAABE003F79D7 /* TopViewController.storyboard in Resources */,
				14E3618322BFAFD3003F79D7 /* SearchViewController.storyboard in Resources */,
			);
			runOnlyForDeploymentPostprocessing = 0;
		};
/* End PBXResourcesBuildPhase section */

/* Begin PBXSourcesBuildPhase section */
		14E3616522BFAABE003F79D7 /* Sources */ = {
			isa = PBXSourcesBuildPhase;
			buildActionMask = 2147483647;
			files = (
				14E3616F22BFAABE003F79D7 /* TopViewController.swift in Sources */,
				14E3618822BFB089003F79D7 /* Extensions.swift in Sources */,
				14E3616D22BFAABE003F79D7 /* AppDelegate.swift in Sources */,
				14E3618122BFAFC6003F79D7 /* SearchViewController.swift in Sources */,
				14E3617F22BFAB0B003F79D7 /* BottomSheetView.swift in Sources */,
				14E3618722BFB089003F79D7 /* StoryboardInstantiatable.swift in Sources */,
			);
			runOnlyForDeploymentPostprocessing = 0;
		};
/* End PBXSourcesBuildPhase section */

/* Begin PBXVariantGroup section */
		14E3617022BFAABE003F79D7 /* TopViewController.storyboard */ = {
			isa = PBXVariantGroup;
			children = (
				14E3617122BFAABE003F79D7 /* Base */,
			);
			name = TopViewController.storyboard;
			sourceTree = "<group>";
		};
		14E3617522BFAAC0003F79D7 /* LaunchScreen.storyboard */ = {
			isa = PBXVariantGroup;
			children = (
				14E3617622BFAAC0003F79D7 /* Base */,
			);
			name = LaunchScreen.storyboard;
			sourceTree = "<group>";
		};
/* End PBXVariantGroup section */

/* Begin XCBuildConfiguration section */
		14E3617922BFAAC0003F79D7 /* Debug */ = {
			isa = XCBuildConfiguration;
			buildSettings = {
				ALWAYS_SEARCH_USER_PATHS = NO;
				CLANG_ANALYZER_NONNULL = YES;
				CLANG_ANALYZER_NUMBER_OBJECT_CONVERSION = YES_AGGRESSIVE;
				CLANG_CXX_LANGUAGE_STANDARD = "gnu++14";
				CLANG_CXX_LIBRARY = "libc++";
				CLANG_ENABLE_MODULES = YES;
				CLANG_ENABLE_OBJC_ARC = YES;
				CLANG_ENABLE_OBJC_WEAK = YES;
				CLANG_WARN_BLOCK_CAPTURE_AUTORELEASING = YES;
				CLANG_WARN_BOOL_CONVERSION = YES;
				CLANG_WARN_COMMA = YES;
				CLANG_WARN_CONSTANT_CONVERSION = YES;
				CLANG_WARN_DEPRECATED_OBJC_IMPLEMENTATIONS = YES;
				CLANG_WARN_DIRECT_OBJC_ISA_USAGE = YES_ERROR;
				CLANG_WARN_DOCUMENTATION_COMMENTS = YES;
				CLANG_WARN_EMPTY_BODY = YES;
				CLANG_WARN_ENUM_CONVERSION = YES;
				CLANG_WARN_INFINITE_RECURSION = YES;
				CLANG_WARN_INT_CONVERSION = YES;
				CLANG_WARN_NON_LITERAL_NULL_CONVERSION = YES;
				CLANG_WARN_OBJC_IMPLICIT_RETAIN_SELF = YES;
				CLANG_WARN_OBJC_LITERAL_CONVERSION = YES;
				CLANG_WARN_OBJC_ROOT_CLASS = YES_ERROR;
				CLANG_WARN_RANGE_LOOP_ANALYSIS = YES;
				CLANG_WARN_STRICT_PROTOTYPES = YES;
				CLANG_WARN_SUSPICIOUS_MOVE = YES;
				CLANG_WARN_UNGUARDED_AVAILABILITY = YES_AGGRESSIVE;
				CLANG_WARN_UNREACHABLE_CODE = YES;
				CLANG_WARN__DUPLICATE_METHOD_MATCH = YES;
				CODE_SIGN_IDENTITY = "iPhone Developer";
				COPY_PHASE_STRIP = NO;
				DEBUG_INFORMATION_FORMAT = dwarf;
				ENABLE_STRICT_OBJC_MSGSEND = YES;
				ENABLE_TESTABILITY = YES;
				GCC_C_LANGUAGE_STANDARD = gnu11;
				GCC_DYNAMIC_NO_PIC = NO;
				GCC_NO_COMMON_BLOCKS = YES;
				GCC_OPTIMIZATION_LEVEL = 0;
				GCC_PREPROCESSOR_DEFINITIONS = (
					"DEBUG=1",
					"$(inherited)",
				);
				GCC_WARN_64_TO_32_BIT_CONVERSION = YES;
				GCC_WARN_ABOUT_RETURN_TYPE = YES_ERROR;
				GCC_WARN_UNDECLARED_SELECTOR = YES;
				GCC_WARN_UNINITIALIZED_AUTOS = YES_AGGRESSIVE;
				GCC_WARN_UNUSED_FUNCTION = YES;
				GCC_WARN_UNUSED_VARIABLE = YES;
				IPHONEOS_DEPLOYMENT_TARGET = 12.2;
				MTL_ENABLE_DEBUG_INFO = INCLUDE_SOURCE;
				MTL_FAST_MATH = YES;
				ONLY_ACTIVE_ARCH = YES;
				SDKROOT = iphoneos;
				SWIFT_ACTIVE_COMPILATION_CONDITIONS = DEBUG;
				SWIFT_OPTIMIZATION_LEVEL = "-Onone";
			};
			name = Debug;
		};
		14E3617A22BFAAC0003F79D7 /* Release */ = {
			isa = XCBuildConfiguration;
			buildSettings = {
				ALWAYS_SEARCH_USER_PATHS = NO;
				CLANG_ANALYZER_NONNULL = YES;
				CLANG_ANALYZER_NUMBER_OBJECT_CONVERSION = YES_AGGRESSIVE;
				CLANG_CXX_LANGUAGE_STANDARD = "gnu++14";
				CLANG_CXX_LIBRARY = "libc++";
				CLANG_ENABLE_MODULES = YES;
				CLANG_ENABLE_OBJC_ARC = YES;
				CLANG_ENABLE_OBJC_WEAK = YES;
				CLANG_WARN_BLOCK_CAPTURE_AUTORELEASING = YES;
				CLANG_WARN_BOOL_CONVERSION = YES;
				CLANG_WARN_COMMA = YES;
				CLANG_WARN_CONSTANT_CONVERSION = YES;
				CLANG_WARN_DEPRECATED_OBJC_IMPLEMENTATIONS = YES;
				CLANG_WARN_DIRECT_OBJC_ISA_USAGE = YES_ERROR;
				CLANG_WARN_DOCUMENTATION_COMMENTS = YES;
				CLANG_WARN_EMPTY_BODY = YES;
				CLANG_WARN_ENUM_CONVERSION = YES;
				CLANG_WARN_INFINITE_RECURSION = YES;
				CLANG_WARN_INT_CONVERSION = YES;
				CLANG_WARN_NON_LITERAL_NULL_CONVERSION = YES;
				CLANG_WARN_OBJC_IMPLICIT_RETAIN_SELF = YES;
				CLANG_WARN_OBJC_LITERAL_CONVERSION = YES;
				CLANG_WARN_OBJC_ROOT_CLASS = YES_ERROR;
				CLANG_WARN_RANGE_LOOP_ANALYSIS = YES;
				CLANG_WARN_STRICT_PROTOTYPES = YES;
				CLANG_WARN_SUSPICIOUS_MOVE = YES;
				CLANG_WARN_UNGUARDED_AVAILABILITY = YES_AGGRESSIVE;
				CLANG_WARN_UNREACHABLE_CODE = YES;
				CLANG_WARN__DUPLICATE_METHOD_MATCH = YES;
				CODE_SIGN_IDENTITY = "iPhone Developer";
				COPY_PHASE_STRIP = NO;
				DEBUG_INFORMATION_FORMAT = "dwarf-with-dsym";
				ENABLE_NS_ASSERTIONS = NO;
				ENABLE_STRICT_OBJC_MSGSEND = YES;
				GCC_C_LANGUAGE_STANDARD = gnu11;
				GCC_NO_COMMON_BLOCKS = YES;
				GCC_WARN_64_TO_32_BIT_CONVERSION = YES;
				GCC_WARN_ABOUT_RETURN_TYPE = YES_ERROR;
				GCC_WARN_UNDECLARED_SELECTOR = YES;
				GCC_WARN_UNINITIALIZED_AUTOS = YES_AGGRESSIVE;
				GCC_WARN_UNUSED_FUNCTION = YES;
				GCC_WARN_UNUSED_VARIABLE = YES;
				IPHONEOS_DEPLOYMENT_TARGET = 12.2;
				MTL_ENABLE_DEBUG_INFO = NO;
				MTL_FAST_MATH = YES;
				SDKROOT = iphoneos;
				SWIFT_COMPILATION_MODE = wholemodule;
				SWIFT_OPTIMIZATION_LEVEL = "-O";
				VALIDATE_PRODUCT = YES;
			};
			name = Release;
		};
		14E3617C22BFAAC0003F79D7 /* Debug */ = {
			isa = XCBuildConfiguration;
			buildSettings = {
				ASSETCATALOG_COMPILER_APPICON_NAME = AppIcon;
				CODE_SIGN_STYLE = Automatic;
				DEVELOPMENT_TEAM = 99HCWL2J2K;
				INFOPLIST_FILE = BottomSheetView/Info.plist;
				LD_RUNPATH_SEARCH_PATHS = (
					"$(inherited)",
					"@executable_path/Frameworks",
				);
				PRODUCT_BUNDLE_IDENTIFIER = "takeshi-akutsu.BottomSheetView";
				PRODUCT_NAME = "$(TARGET_NAME)";
				SWIFT_VERSION = 5.0;
				TARGETED_DEVICE_FAMILY = "1,2";
			};
			name = Debug;
		};
		14E3617D22BFAAC0003F79D7 /* Release */ = {
			isa = XCBuildConfiguration;
			buildSettings = {
				ASSETCATALOG_COMPILER_APPICON_NAME = AppIcon;
				CODE_SIGN_STYLE = Automatic;
				DEVELOPMENT_TEAM = 99HCWL2J2K;
				INFOPLIST_FILE = BottomSheetView/Info.plist;
				LD_RUNPATH_SEARCH_PATHS = (
					"$(inherited)",
					"@executable_path/Frameworks",
				);
				PRODUCT_BUNDLE_IDENTIFIER = "takeshi-akutsu.BottomSheetView";
				PRODUCT_NAME = "$(TARGET_NAME)";
				SWIFT_VERSION = 5.0;
				TARGETED_DEVICE_FAMILY = "1,2";
			};
			name = Release;
		};
/* End XCBuildConfiguration section */

/* Begin XCConfigurationList section */
		14E3616422BFAABE003F79D7 /* Build configuration list for PBXProject "BottomSheetView" */ = {
			isa = XCConfigurationList;
			buildConfigurations = (
				14E3617922BFAAC0003F79D7 /* Debug */,
				14E3617A22BFAAC0003F79D7 /* Release */,
			);
			defaultConfigurationIsVisible = 0;
			defaultConfigurationName = Release;
		};
		14E3617B22BFAAC0003F79D7 /* Build configuration list for PBXNativeTarget "BottomSheetView" */ = {
			isa = XCConfigurationList;
			buildConfigurations = (
				14E3617C22BFAAC0003F79D7 /* Debug */,
				14E3617D22BFAAC0003F79D7 /* Release */,
			);
			defaultConfigurationIsVisible = 0;
			defaultConfigurationName = Release;
		};
/* End XCConfigurationList section */
	};
	rootObject = 14E3616122BFAABE003F79D7 /* Project object */;
}
